
Microsoft Visual Studio Solution File, Format Version 12.00
# Visual Studio 15
VisualStudioVersion = 15.0.27428.2037
MinimumVisualStudioVersion = 10.0.40219.1
Project("{888888A0-9F3D-457C-B088-3A5042F75D52}") = "TGBotIlChess", "TGBotIlChess\TGBotIlChess.pyproj", "{8E714A1C-FABC-466B-A6EF-A4EFA1EAD37D}"
EndProject
Global
	GlobalSection(SolutionConfigurationPlatforms) = preSolution
		Debug|Any CPU = Debug|Any CPU
		Release|Any CPU = Release|Any CPU
	EndGlobalSection
	GlobalSection(ProjectConfigurationPlatforms) = postSolution
		{8E714A1C-FABC-466B-A6EF-A4EFA1EAD37D}.Debug|Any CPU.ActiveCfg = Debug|Any CPU
		{8E714A1C-FABC-466B-A6EF-A4EFA1EAD37D}.Release|Any CPU.ActiveCfg = Release|Any CPU
	EndGlobalSection
	GlobalSection(SolutionProperties) = preSolution
		HideSolutionNode = FALSE
	EndGlobalSection
	GlobalSection(ExtensibilityGlobals) = postSolution
		SolutionGuid = {6625F800-B4A6-4814-A579-11AB20F1ACDF}
	EndGlobalSection
EndGlobal
